
Microsoft Visual Studio Solution File, Format Version 12.00
# Visual Studio Version 16
VisualStudioVersion = 16.0.29806.167
MinimumVisualStudioVersion = 10.0.40219.1
Project("{FAE04EC0-301F-11D3-BF4B-00C04F79EFBC}") = "ReservationProcessor", "ReservationProcessor\ReservationProcessor.csproj", "{B339C4D7-0764-4F01-BFF4-AC73E0416762}"
EndProject
Project("{9A19103F-16F7-4668-BE54-9A1E7A4F7556}") = "RabbitMqUtils", "..\200\bes200-rabbitmqutils\RabbitMqUtils.csproj", "{B9D3B545-41AC-40B5-8999-8271F55668ED}"
EndProject
Global
	GlobalSection(SolutionConfigurationPlatforms) = preSolution
		Debug|Any CPU = Debug|Any CPU
		Release|Any CPU = Release|Any CPU
	EndGlobalSection
	GlobalSection(ProjectConfigurationPlatforms) = postSolution
		{B339C4D7-0764-4F01-BFF4-AC73E0416762}.Debug|Any CPU.ActiveCfg = Debug|Any CPU
		{B339C4D7-0764-4F01-BFF4-AC73E0416762}.Debug|Any CPU.Build.0 = Debug|Any CPU
		{B339C4D7-0764-4F01-BFF4-AC73E0416762}.Release|Any CPU.ActiveCfg = Release|Any CPU
		{B339C4D7-0764-4F01-BFF4-AC73E0416762}.Release|Any CPU.Build.0 = Release|Any CPU
		{B9D3B545-41AC-40B5-8999-8271F55668ED}.Debug|Any CPU.ActiveCfg = Debug|Any CPU
		{B9D3B545-41AC-40B5-8999-8271F55668ED}.Debug|Any CPU.Build.0 = Debug|Any CPU
		{B9D3B545-41AC-40B5-8999-8271F55668ED}.Release|Any CPU.ActiveCfg = Release|Any CPU
		{B9D3B545-41AC-40B5-8999-8271F55668ED}.Release|Any CPU.Build.0 = Release|Any CPU
	EndGlobalSection
	GlobalSection(SolutionProperties) = preSolution
		HideSolutionNode = FALSE
	EndGlobalSection
	GlobalSection(ExtensibilityGlobals) = postSolution
		SolutionGuid = {459952C1-85DE-4508-8065-2F7260B01C2B}
	EndGlobalSection
EndGlobal
